
Microsoft Visual Studio Solution File, Format Version 12.00
# Visual Studio Version 16
VisualStudioVersion = 16.0.28917.181
MinimumVisualStudioVersion = 10.0.40219.1
Project("{FAE04EC0-301F-11D3-BF4B-00C04F79EFBC}") = "wryyyyyyym", "wryyyyyyym\wryyyyyyym.csproj", "{4564E25D-E56B-4094-9773-08324B4D83B2}"
EndProject
Global
	GlobalSection(SolutionConfigurationPlatforms) = preSolution
		Debug|Any CPU = Debug|Any CPU
		Release|Any CPU = Release|Any CPU
	EndGlobalSection
	GlobalSection(ProjectConfigurationPlatforms) = postSolution
		{4564E25D-E56B-4094-9773-08324B4D83B2}.Debug|Any CPU.ActiveCfg = Debug|Any CPU
		{4564E25D-E56B-4094-9773-08324B4D83B2}.Debug|Any CPU.Build.0 = Debug|Any CPU
		{4564E25D-E56B-4094-9773-08324B4D83B2}.Release|Any CPU.ActiveCfg = Release|Any CPU
		{4564E25D-E56B-4094-9773-08324B4D83B2}.Release|Any CPU.Build.0 = Release|Any CPU
	EndGlobalSection
	GlobalSection(SolutionProperties) = preSolution
		HideSolutionNode = FALSE
	EndGlobalSection
	GlobalSection(ExtensibilityGlobals) = postSolution
		SolutionGuid = {FA6AFE41-B2D0-4CA3-9A7B-40750D9849BE}
	EndGlobalSection
EndGlobal
